
Microsoft Visual Studio Solution File, Format Version 12.00
# Visual Studio Version 17
VisualStudioVersion = 17.7.34024.191
MinimumVisualStudioVersion = 10.0.40219.1
Project("{FAE04EC0-301F-11D3-BF4B-00C04F79EFBC}") = "Konyvtar", "Konyvtar\Konyvtar.csproj", "{3059A2FB-3AE1-4CE7-9CFD-AA11FD94DF85}"
EndProject
Global
	GlobalSection(SolutionConfigurationPlatforms) = preSolution
		Debug|Any CPU = Debug|Any CPU
		Release|Any CPU = Release|Any CPU
	EndGlobalSection
	GlobalSection(ProjectConfigurationPlatforms) = postSolution
		{3059A2FB-3AE1-4CE7-9CFD-AA11FD94DF85}.Debug|Any CPU.ActiveCfg = Debug|Any CPU
		{3059A2FB-3AE1-4CE7-9CFD-AA11FD94DF85}.Debug|Any CPU.Build.0 = Debug|Any CPU
		{3059A2FB-3AE1-4CE7-9CFD-AA11FD94DF85}.Release|Any CPU.ActiveCfg = Release|Any CPU
		{3059A2FB-3AE1-4CE7-9CFD-AA11FD94DF85}.Release|Any CPU.Build.0 = Release|Any CPU
	EndGlobalSection
	GlobalSection(SolutionProperties) = preSolution
		HideSolutionNode = FALSE
	EndGlobalSection
	GlobalSection(ExtensibilityGlobals) = postSolution
		SolutionGuid = {BBBD85D7-65F4-4C45-ADE9-0A0CFE5EF071}
	EndGlobalSection
EndGlobal
